
Microsoft Visual Studio Solution File, Format Version 12.00
# Visual Studio Version 16
VisualStudioVersion = 16.0.30611.23
MinimumVisualStudioVersion = 10.0.40219.1
Project("{FAE04EC0-301F-11D3-BF4B-00C04F79EFBC}") = "matrica", "matrica\matrica.csproj", "{A2889F1C-0595-4F88-B18A-73BA42A93D58}"
EndProject
Global
	GlobalSection(SolutionConfigurationPlatforms) = preSolution
		Debug|Any CPU = Debug|Any CPU
		Release|Any CPU = Release|Any CPU
	EndGlobalSection
	GlobalSection(ProjectConfigurationPlatforms) = postSolution
		{A2889F1C-0595-4F88-B18A-73BA42A93D58}.Debug|Any CPU.ActiveCfg = Debug|Any CPU
		{A2889F1C-0595-4F88-B18A-73BA42A93D58}.Debug|Any CPU.Build.0 = Debug|Any CPU
		{A2889F1C-0595-4F88-B18A-73BA42A93D58}.Release|Any CPU.ActiveCfg = Release|Any CPU
		{A2889F1C-0595-4F88-B18A-73BA42A93D58}.Release|Any CPU.Build.0 = Release|Any CPU
	EndGlobalSection
	GlobalSection(SolutionProperties) = preSolution
		HideSolutionNode = FALSE
	EndGlobalSection
	GlobalSection(ExtensibilityGlobals) = postSolution
		SolutionGuid = {B3F35F0B-1922-4098-A15A-0078DE62779F}
	EndGlobalSection
EndGlobal
